
Microsoft Visual Studio Solution File, Format Version 12.00
# Visual Studio Version 17
VisualStudioVersion = 17.9.34622.214
MinimumVisualStudioVersion = 10.0.40219.1
Project("{9A19103F-16F7-4668-BE54-9A1E7A4F7556}") = "SegundaParcial", "SegundaParcial\SegundaParcial\SegundaParcial.csproj", "{A031C2D6-69A3-46A9-94A2-08E74A043869}"
EndProject
Project("{9A19103F-16F7-4668-BE54-9A1E7A4F7556}") = "SegundaParcial.Client", "SegundaParcial\SegundaParcial.Client\SegundaParcial.Client.csproj", "{A1CE5A8D-62E5-4C88-AAAB-AE0A2E7A9657}"
EndProject
Global
	GlobalSection(SolutionConfigurationPlatforms) = preSolution
		Debug|Any CPU = Debug|Any CPU
		Release|Any CPU = Release|Any CPU
	EndGlobalSection
	GlobalSection(ProjectConfigurationPlatforms) = postSolution
		{A031C2D6-69A3-46A9-94A2-08E74A043869}.Debug|Any CPU.ActiveCfg = Debug|Any CPU
		{A031C2D6-69A3-46A9-94A2-08E74A043869}.Debug|Any CPU.Build.0 = Debug|Any CPU
		{A031C2D6-69A3-46A9-94A2-08E74A043869}.Release|Any CPU.ActiveCfg = Release|Any CPU
		{A031C2D6-69A3-46A9-94A2-08E74A043869}.Release|Any CPU.Build.0 = Release|Any CPU
		{A1CE5A8D-62E5-4C88-AAAB-AE0A2E7A9657}.Debug|Any CPU.ActiveCfg = Debug|Any CPU
		{A1CE5A8D-62E5-4C88-AAAB-AE0A2E7A9657}.Debug|Any CPU.Build.0 = Debug|Any CPU
		{A1CE5A8D-62E5-4C88-AAAB-AE0A2E7A9657}.Release|Any CPU.ActiveCfg = Release|Any CPU
		{A1CE5A8D-62E5-4C88-AAAB-AE0A2E7A9657}.Release|Any CPU.Build.0 = Release|Any CPU
	EndGlobalSection
	GlobalSection(SolutionProperties) = preSolution
		HideSolutionNode = FALSE
	EndGlobalSection
	GlobalSection(ExtensibilityGlobals) = postSolution
		SolutionGuid = {702719EE-33BD-4C86-AC49-EC2C10070242}
	EndGlobalSection
EndGlobal
